
Microsoft Visual Studio Solution File, Format Version 12.00
# Visual Studio Version 17
VisualStudioVersion = 17.10.35027.167
MinimumVisualStudioVersion = 10.0.40219.1
Project("{FAE04EC0-301F-11D3-BF4B-00C04F79EFBC}") = "API", "API\API.csproj", "{0BBCBF38-6993-4980-B68A-B3ABE487EBBC}"
EndProject
Project("{9A19103F-16F7-4668-BE54-9A1E7A4F7556}") = "Business", "Business\Business.csproj", "{44CB24E6-B085-47C4-AAF3-AD9298677892}"
EndProject
Project("{9A19103F-16F7-4668-BE54-9A1E7A4F7556}") = "Data", "Data\Data.csproj", "{BADEED5B-BF66-459C-83F3-98AFF22178B0}"
EndProject
Project("{9A19103F-16F7-4668-BE54-9A1E7A4F7556}") = "JobScheduler", "JobScheduler\JobScheduler.csproj", "{FD93A94A-0DB8-4498-AB45-270ACCB6A11D}"
EndProject
Project("{9A19103F-16F7-4668-BE54-9A1E7A4F7556}") = "Library", "Library\Library.csproj", "{FAD8A320-81F7-4E63-BA67-573B69E47FCF}"
EndProject
Global
	GlobalSection(SolutionConfigurationPlatforms) = preSolution
		Debug|Any CPU = Debug|Any CPU
		Release|Any CPU = Release|Any CPU
	EndGlobalSection
	GlobalSection(ProjectConfigurationPlatforms) = postSolution
		{0BBCBF38-6993-4980-B68A-B3ABE487EBBC}.Debug|Any CPU.ActiveCfg = Debug|Any CPU
		{0BBCBF38-6993-4980-B68A-B3ABE487EBBC}.Debug|Any CPU.Build.0 = Debug|Any CPU
		{0BBCBF38-6993-4980-B68A-B3ABE487EBBC}.Release|Any CPU.ActiveCfg = Release|Any CPU
		{0BBCBF38-6993-4980-B68A-B3ABE487EBBC}.Release|Any CPU.Build.0 = Release|Any CPU
		{44CB24E6-B085-47C4-AAF3-AD9298677892}.Debug|Any CPU.ActiveCfg = Debug|Any CPU
		{44CB24E6-B085-47C4-AAF3-AD9298677892}.Debug|Any CPU.Build.0 = Debug|Any CPU
		{44CB24E6-B085-47C4-AAF3-AD9298677892}.Release|Any CPU.ActiveCfg = Release|Any CPU
		{44CB24E6-B085-47C4-AAF3-AD9298677892}.Release|Any CPU.Build.0 = Release|Any CPU
		{BADEED5B-BF66-459C-83F3-98AFF22178B0}.Debug|Any CPU.ActiveCfg = Debug|Any CPU
		{BADEED5B-BF66-459C-83F3-98AFF22178B0}.Debug|Any CPU.Build.0 = Debug|Any CPU
		{BADEED5B-BF66-459C-83F3-98AFF22178B0}.Release|Any CPU.ActiveCfg = Release|Any CPU
		{BADEED5B-BF66-459C-83F3-98AFF22178B0}.Release|Any CPU.Build.0 = Release|Any CPU
		{FD93A94A-0DB8-4498-AB45-270ACCB6A11D}.Debug|Any CPU.ActiveCfg = Debug|Any CPU
		{FD93A94A-0DB8-4498-AB45-270ACCB6A11D}.Debug|Any CPU.Build.0 = Debug|Any CPU
		{FD93A94A-0DB8-4498-AB45-270ACCB6A11D}.Release|Any CPU.ActiveCfg = Release|Any CPU
		{FD93A94A-0DB8-4498-AB45-270ACCB6A11D}.Release|Any CPU.Build.0 = Release|Any CPU
		{FAD8A320-81F7-4E63-BA67-573B69E47FCF}.Debug|Any CPU.ActiveCfg = Debug|Any CPU
		{FAD8A320-81F7-4E63-BA67-573B69E47FCF}.Debug|Any CPU.Build.0 = Debug|Any CPU
		{FAD8A320-81F7-4E63-BA67-573B69E47FCF}.Release|Any CPU.ActiveCfg = Release|Any CPU
		{FAD8A320-81F7-4E63-BA67-573B69E47FCF}.Release|Any CPU.Build.0 = Release|Any CPU
	EndGlobalSection
	GlobalSection(SolutionProperties) = preSolution
		HideSolutionNode = FALSE
	EndGlobalSection
	GlobalSection(ExtensibilityGlobals) = postSolution
		SolutionGuid = {58DE0101-D23D-46BD-88E0-84F538D3116A}
	EndGlobalSection
EndGlobal
